// !$*UTF8*$!
{
	archiveVersion = 1;
	classes = {
	};
	objectVersion = 56;
	objects = {

/* Begin PBXBuildFile section */

		2E746F312E1E205A00E6F8E0 /* ThemeUpdaterView.swift in Sources */ = {isa = PBXBuildFile; fileRef = 2E746F2F2E1E205A00E6F8E0 /* ThemeUpdaterView.swift */; };

		2E746F332E1E205A00E6F8E0 /* Theme.swift in Sources */ = {isa = PBXBuildFile; fileRef = 2E746F2E2E1E205A00E6F8E0 /* Theme.swift */; };
		2E746F352E1E205A00E6F8E0 /* HapticManager.swift in Sources */ = {isa = PBXBuildFile; fileRef = 2E746F2D2E1E205A00E6F8E0 /* HapticManager.swift */; };
		2E746F5F2E1E206400E6F8E0 /* AdminPanelView.swift in Sources */ = {isa = PBXBuildFile; fileRef = 2E746F4A2E1E206400E6F8E0 /* AdminPanelView.swift */; };
		2E746F602E1E206400E6F8E0 /* CategoryPickerView.swift in Sources */ = {isa = PBXBuildFile; fileRef = 2E746F4F2E1E206400E6F8E0 /* CategoryPickerView.swift */; };
		2E746F632E1E206400E6F8E0 /* QuizModeView.swift in Sources */ = {isa = PBXBuildFile; fileRef = 2E746F562E1E206400E6F8E0 /* QuizModeView.swift */; };
		2E746F642E1E206400E6F8E0 /* CategoryPickerView.swift in Sources */ = {isa = PBXBuildFile; fileRef = 2E746F582E1E206400E6F8E0 /* CategoryPickerView.swift */; };
		2E746F652E1E206400E6F8E0 /* ProgressBar.swift in Sources */ = {isa = PBXBuildFile; fileRef = 2E746F3E2E1E206400E6F8E0 /* ProgressBar.swift */; };
		2E746F662E1E206400E6F8E0 /* FavoriteCardRow.swift in Sources */ = {isa = PBXBuildFile; fileRef = 2E746F402E1E206400E6F8E0 /* FavoriteCardRow.swift */; };
		2E746F672E1E206400E6F8E0 /* QuizFeedbackView.swift in Sources */ = {isa = PBXBuildFile; fileRef = 2E746F542E1E206400E6F8E0 /* QuizFeedbackView.swift */; };
		2E746F682E1E206400E6F8E0 /* FlashcardDetailView.swift in Sources */ = {isa = PBXBuildFile; fileRef = 2E746F462E1E206400E6F8E0 /* FlashcardDetailView.swift */; };
		2E746F692E1E206400E6F8E0 /* QuizCompleteView.swift in Sources */ = {isa = PBXBuildFile; fileRef = 2E746F522E1E206400E6F8E0 /* QuizCompleteView.swift */; };
		2E746F6A2E1E206400E6F8E0 /* FlashCardModeView.swift in Sources */ = {isa = PBXBuildFile; fileRef = 2E746F472E1E206400E6F8E0 /* FlashCardModeView.swift */; };
		2E746F6B2E1E206400E6F8E0 /* ControlButton.swift in Sources */ = {isa = PBXBuildFile; fileRef = 2E746F442E1E206400E6F8E0 /* ControlButton.swift */; };
		2E746F6D2E1E206400E6F8E0 /* QuizCardView.swift in Sources */ = {isa = PBXBuildFile; fileRef = 2E746F512E1E206400E6F8E0 /* QuizCardView.swift */; };
		2E746F6E2E1E206400E6F8E0 /* SettingsView.swift in Sources */ = {isa = PBXBuildFile; fileRef = 2E746F4D2E1E206400E6F8E0 /* SettingsView.swift */; };
		2E746F6F2E1E206400E6F8E0 /* ProgressBar.swift in Sources */ = {isa = PBXBuildFile; fileRef = 2E746F502E1E206400E6F8E0 /* ProgressBar.swift */; };
		2E746F702E1E206400E6F8E0 /* HomeView.swift in Sources */ = {isa = PBXBuildFile; fileRef = 2E746F4B2E1E206400E6F8E0 /* HomeView.swift */; };
		2E746F712E1E206400E6F8E0 /* FlashCardView.swift in Sources */ = {isa = PBXBuildFile; fileRef = 2E746F482E1E206400E6F8E0 /* FlashCardView.swift */; };
		2E746F722E1E206400E6F8E0 /* MainMenuButton.swift in Sources */ = {isa = PBXBuildFile; fileRef = 2E746F592E1E206400E6F8E0 /* MainMenuButton.swift */; };
		2E746F732E1E206400E6F8E0 /* QuizCompletionView.swift in Sources */ = {isa = PBXBuildFile; fileRef = 2E746F532E1E206400E6F8E0 /* QuizCompletionView.swift */; };
		2E746F742E1E206400E6F8E0 /* MainTabView.swift in Sources */ = {isa = PBXBuildFile; fileRef = 2E746F4C2E1E206400E6F8E0 /* MainTabView.swift */; };
		2E746F752E1E206400E6F8E0 /* CategoryPickerView.swift in Sources */ = {isa = PBXBuildFile; fileRef = 2E746F432E1E206400E6F8E0 /* CategoryPickerView.swift */; };
		2E746F762E1E206400E6F8E0 /* AddCardView.swift in Sources */ = {isa = PBXBuildFile; fileRef = 2E746F5C2E1E206400E6F8E0 /* AddCardView.swift */; };
		2E746F772E1E206400E6F8E0 /* FavoritesView.swift in Sources */ = {isa = PBXBuildFile; fileRef = 2E746F412E1E206400E6F8E0 /* FavoritesView.swift */; };
		2E746F792E1E206400E6F8E0 /* QuizModeButton.swift in Sources */ = {isa = PBXBuildFile; fileRef = 2E746F5A2E1E206400E6F8E0 /* QuizModeButton.swift */; };
		2E746F7B2E1E20EB00E6F8E0 /* Chinese_FlashcardsApp.swift in Sources */ = {isa = PBXBuildFile; fileRef = 2E746F7A2E1E20EB00E6F8E0 /* Chinese_FlashcardsApp.swift */; };
		2E746F892E1E21A500E6F8E0 /* FlashcardDeck.swift in Sources */ = {isa = PBXBuildFile; fileRef = 2E746F872E1E21A500E6F8E0 /* FlashcardDeck.swift */; };
		2E746F8A2E1E21A500E6F8E0 /* Flashcard.swift in Sources */ = {isa = PBXBuildFile; fileRef = 2E746F862E1E21A500E6F8E0 /* Flashcard.swift */; };

		2E79D6E02DFDBB3D00CFF202 /* ContentView.swift in Sources */ = {isa = PBXBuildFile; fileRef = 2E746F3B2E1E206400E6F8E0 /* ContentView.swift */; };

		2E79D6FA2DFDBB4000CFF202 /* Flashcards_ChineseUITests.swift in Sources */ = {isa = PBXBuildFile; fileRef = 2E79D6F92DFDBB4000CFF202 /* Flashcards_ChineseUITests.swift */; };
		2E79D6FC2DFDBB4000CFF202 /* Flashcards_ChineseUITestsLaunchTests.swift in Sources */ = {isa = PBXBuildFile; fileRef = 2E79D6FB2DFDBB4000CFF202 /* Flashcards_ChineseUITestsLaunchTests.swift */; };
/* End PBXBuildFile section */

/* Begin PBXContainerItemProxy section */
		2E79D6EC2DFDBB3F00CFF202 /* PBXContainerItemProxy */ = {
			isa = PBXContainerItemProxy;
			containerPortal = 2E79D6D22DFDBB3D00CFF202 /* Project object */;
			proxyType = 1;
			remoteGlobalIDString = 2E79D6D92DFDBB3D00CFF202;
			remoteInfo = Flashcards_Chinese;
		};
		2E79D6F62DFDBB4000CFF202 /* PBXContainerItemProxy */ = {
			isa = PBXContainerItemProxy;
			containerPortal = 2E79D6D22DFDBB3D00CFF202 /* Project object */;
			proxyType = 1;
			remoteGlobalIDString = 2E79D6D92DFDBB3D00CFF202;
			remoteInfo = Flashcards_Chinese;
		};
/* End PBXContainerItemProxy section */

/* Begin PBXFileReference section */

		2E746F2D2E1E205A00E6F8E0 /* HapticManager.swift */ = {isa = PBXFileReference; lastKnownFileType = sourcecode.swift; path = Flashcards_Chinese/Utils/HapticManager.swift; sourceTree = "<group>"; };
		2E746F2E2E1E205A00E6F8E0 /* Theme.swift */ = {isa = PBXFileReference; lastKnownFileType = sourcecode.swift; path = Flashcards_Chinese/Utils/Theme.swift; sourceTree = "<group>"; };
		2E746F2F2E1E205A00E6F8E0 /* ThemeUpdaterView.swift */ = {isa = PBXFileReference; lastKnownFileType = sourcecode.swift; path = Flashcards_Chinese/Utils/ThemeUpdaterView.swift; sourceTree = "<group>"; };
		2E746F3E2E1E206400E6F8E0 /* ProgressBar.swift */ = {isa = PBXFileReference; lastKnownFileType = sourcecode.swift; path = ProgressBar.swift; sourceTree = "<group>"; };
		2E746F402E1E206400E6F8E0 /* FavoriteCardRow.swift */ = {isa = PBXFileReference; lastKnownFileType = sourcecode.swift; path = FavoriteCardRow.swift; sourceTree = "<group>"; };
		2E746F412E1E206400E6F8E0 /* FavoritesView.swift */ = {isa = PBXFileReference; lastKnownFileType = sourcecode.swift; path = FavoritesView.swift; sourceTree = "<group>"; };
		2E746F432E1E206400E6F8E0 /* CategoryPickerView.swift */ = {isa = PBXFileReference; lastKnownFileType = sourcecode.swift; path = CategoryPickerView.swift; sourceTree = "<group>"; };
		2E746F442E1E206400E6F8E0 /* ControlButton.swift */ = {isa = PBXFileReference; lastKnownFileType = sourcecode.swift; path = ControlButton.swift; sourceTree = "<group>"; };
		2E746F462E1E206400E6F8E0 /* FlashcardDetailView.swift */ = {isa = PBXFileReference; lastKnownFileType = sourcecode.swift; path = FlashcardDetailView.swift; sourceTree = "<group>"; };
		2E746F472E1E206400E6F8E0 /* FlashCardModeView.swift */ = {isa = PBXFileReference; lastKnownFileType = sourcecode.swift; path = FlashCardModeView.swift; sourceTree = "<group>"; };
		2E746F482E1E206400E6F8E0 /* FlashCardView.swift */ = {isa = PBXFileReference; lastKnownFileType = sourcecode.swift; path = FlashCardView.swift; sourceTree = "<group>"; };
		2E746F4A2E1E206400E6F8E0 /* AdminPanelView.swift */ = {isa = PBXFileReference; lastKnownFileType = sourcecode.swift; path = AdminPanelView.swift; sourceTree = "<group>"; };
		2E746F4B2E1E206400E6F8E0 /* HomeView.swift */ = {isa = PBXFileReference; lastKnownFileType = sourcecode.swift; path = HomeView.swift; sourceTree = "<group>"; };
		2E746F4C2E1E206400E6F8E0 /* MainTabView.swift */ = {isa = PBXFileReference; lastKnownFileType = sourcecode.swift; path = MainTabView.swift; sourceTree = "<group>"; };
		2E746F4D2E1E206400E6F8E0 /* SettingsView.swift */ = {isa = PBXFileReference; lastKnownFileType = sourcecode.swift; path = SettingsView.swift; sourceTree = "<group>"; };
		2E746F4F2E1E206400E6F8E0 /* CategoryPickerView.swift */ = {isa = PBXFileReference; lastKnownFileType = sourcecode.swift; path = CategoryPickerView.swift; sourceTree = "<group>"; };
		2E746F502E1E206400E6F8E0 /* ProgressBar.swift */ = {isa = PBXFileReference; lastKnownFileType = sourcecode.swift; path = ProgressBar.swift; sourceTree = "<group>"; };
		2E746F512E1E206400E6F8E0 /* QuizCardView.swift */ = {isa = PBXFileReference; lastKnownFileType = sourcecode.swift; path = QuizCardView.swift; sourceTree = "<group>"; };
		2E746F522E1E206400E6F8E0 /* QuizCompleteView.swift */ = {isa = PBXFileReference; lastKnownFileType = sourcecode.swift; path = QuizCompleteView.swift; sourceTree = "<group>"; };
		2E746F532E1E206400E6F8E0 /* QuizCompletionView.swift */ = {isa = PBXFileReference; lastKnownFileType = sourcecode.swift; path = QuizCompletionView.swift; sourceTree = "<group>"; };
		2E746F542E1E206400E6F8E0 /* QuizFeedbackView.swift */ = {isa = PBXFileReference; lastKnownFileType = sourcecode.swift; path = QuizFeedbackView.swift; sourceTree = "<group>"; };
		2E746F562E1E206400E6F8E0 /* QuizModeView.swift */ = {isa = PBXFileReference; lastKnownFileType = sourcecode.swift; path = QuizModeView.swift; sourceTree = "<group>"; };
		2E746F582E1E206400E6F8E0 /* CategoryPickerView.swift */ = {isa = PBXFileReference; lastKnownFileType = sourcecode.swift; path = CategoryPickerView.swift; sourceTree = "<group>"; };
		2E746F592E1E206400E6F8E0 /* MainMenuButton.swift */ = {isa = PBXFileReference; lastKnownFileType = sourcecode.swift; path = MainMenuButton.swift; sourceTree = "<group>"; };
		2E746F5A2E1E206400E6F8E0 /* QuizModeButton.swift */ = {isa = PBXFileReference; lastKnownFileType = sourcecode.swift; path = QuizModeButton.swift; sourceTree = "<group>"; };
		2E746F5C2E1E206400E6F8E0 /* AddCardView.swift */ = {isa = PBXFileReference; lastKnownFileType = sourcecode.swift; path = AddCardView.swift; sourceTree = "<group>"; };
		2E746F7A2E1E20EB00E6F8E0 /* Chinese_FlashcardsApp.swift */ = {isa = PBXFileReference; lastKnownFileType = sourcecode.swift; path = Chinese_FlashcardsApp.swift; sourceTree = "<group>"; };

		2E746F862E1E21A500E6F8E0 /* Flashcard.swift */ = {isa = PBXFileReference; lastKnownFileType = sourcecode.swift; path = Flashcards_Chinese/Models/Flashcard.swift; sourceTree = "<group>"; };
		2E746F872E1E21A500E6F8E0 /* FlashcardDeck.swift */ = {isa = PBXFileReference; lastKnownFileType = sourcecode.swift; path = Flashcards_Chinese/Models/FlashcardDeck.swift; sourceTree = "<group>"; };
		2E79D6DA2DFDBB3D00CFF202 /* Flashcards_Chinese.app */ = {isa = PBXFileReference; explicitFileType = wrapper.application; includeInIndex = 0; path = Flashcards_Chinese.app; sourceTree = BUILT_PRODUCTS_DIR; };
		2E79D6E12DFDBB3F00CFF202 /* Assets.xcassets */ = {isa = PBXFileReference; lastKnownFileType = folder.assetcatalog; path = Assets.xcassets; sourceTree = "<group>"; };
		2E79D6E32DFDBB3F00CFF202 /* Flashcards_Chinese.entitlements */ = {isa = PBXFileReference; lastKnownFileType = text.plist.entitlements; path = Flashcards_Chinese.entitlements; sourceTree = "<group>"; };
		2E79D6E52DFDBB3F00CFF202 /* Preview Assets.xcassets */ = {isa = PBXFileReference; lastKnownFileType = folder.assetcatalog; path = "Preview Assets.xcassets"; sourceTree = "<group>"; };
		2E79D6EB2DFDBB3F00CFF202 /* Flashcards_ChineseTests.xctest */ = {isa = PBXFileReference; explicitFileType = wrapper.cfbundle; includeInIndex = 0; path = Flashcards_ChineseTests.xctest; sourceTree = BUILT_PRODUCTS_DIR; };
		2E79D6EF2DFDBB4000CFF202 /* Flashcards_ChineseTests.swift */ = {isa = PBXFileReference; lastKnownFileType = sourcecode.swift; path = Flashcards_ChineseTests.swift; sourceTree = "<group>"; };
		2E79D6F52DFDBB4000CFF202 /* Flashcards_ChineseUITests.xctest */ = {isa = PBXFileReference; explicitFileType = wrapper.cfbundle; includeInIndex = 0; path = Flashcards_ChineseUITests.xctest; sourceTree = BUILT_PRODUCTS_DIR; };
		2E79D6F92DFDBB4000CFF202 /* Flashcards_ChineseUITests.swift */ = {isa = PBXFileReference; lastKnownFileType = sourcecode.swift; path = Flashcards_ChineseUITests.swift; sourceTree = "<group>"; };
		2E79D6FB2DFDBB4000CFF202 /* Flashcards_ChineseUITestsLaunchTests.swift */ = {isa = PBXFileReference; lastKnownFileType = sourcecode.swift; path = Flashcards_ChineseUITestsLaunchTests.swift; sourceTree = "<group>"; };
/* End PBXFileReference section */

/* Begin PBXFrameworksBuildPhase section */
		2E79D6D72DFDBB3D00CFF202 /* Frameworks */ = {
			isa = PBXFrameworksBuildPhase;
			buildActionMask = 2147483647;
			files = (
			);
			runOnlyForDeploymentPostprocessing = 0;
		};
		2E79D6E82DFDBB3F00CFF202 /* Frameworks */ = {
			isa = PBXFrameworksBuildPhase;
			buildActionMask = 2147483647;
			files = (
			);
			runOnlyForDeploymentPostprocessing = 0;
		};
		2E79D6F22DFDBB4000CFF202 /* Frameworks */ = {
			isa = PBXFrameworksBuildPhase;
			buildActionMask = 2147483647;
			files = (
			);
			runOnlyForDeploymentPostprocessing = 0;
		};
/* End PBXFrameworksBuildPhase section */

/* Begin PBXGroup section */


		2E746F3C2E1E206400E6F8E0 /* Utils */ = {
			isa = PBXGroup;
			children = (
				2E746F392E1E206400E6F8E0 /* HapticManager.swift */,
				2E746F3A2E1E206400E6F8E0 /* Theme.swift */,
				2E746F3B2E1E206400E6F8E0 /* ThemeUpdaterView.swift */,
			);
			path = Utils;
			sourceTree = "<group>";
		};
		2E746F3D2E1E206400E6F8E0 /* AdminViews */ = {
			isa = PBXGroup;
			children = (
			);
			path = AdminViews;
			sourceTree = "<group>";
		};
		2E746F3F2E1E206400E6F8E0 /* Components */ = {
			isa = PBXGroup;
			children = (
				2E746F3E2E1E206400E6F8E0 /* ProgressBar.swift */,
			);
			path = Components;
			sourceTree = "<group>";
		};
		2E746F422E1E206400E6F8E0 /* FavoritesViews */ = {
			isa = PBXGroup;
			children = (
				2E746F402E1E206400E6F8E0 /* FavoriteCardRow.swift */,
				2E746F412E1E206400E6F8E0 /* FavoritesView.swift */,
			);
			path = FavoritesViews;
			sourceTree = "<group>";
		};
		2E746F452E1E206400E6F8E0 /* Controls */ = {
			isa = PBXGroup;
			children = (
				2E746F432E1E206400E6F8E0 /* CategoryPickerView.swift */,
				2E746F442E1E206400E6F8E0 /* ControlButton.swift */,
			);
			path = Controls;
			sourceTree = "<group>";
		};
		2E746F492E1E206400E6F8E0 /* FlashcardViews */ = {
			isa = PBXGroup;
			children = (
				2E746F452E1E206400E6F8E0 /* Controls */,
				2E746F462E1E206400E6F8E0 /* FlashcardDetailView.swift */,
				2E746F472E1E206400E6F8E0 /* FlashCardModeView.swift */,
				2E746F482E1E206400E6F8E0 /* FlashCardView.swift */,
			);
			path = FlashcardViews;
			sourceTree = "<group>";
		};
		2E746F4E2E1E206400E6F8E0 /* MainViews */ = {
			isa = PBXGroup;
			children = (
				2E746F4A2E1E206400E6F8E0 /* AdminPanelView.swift */,
				2E746F4B2E1E206400E6F8E0 /* HomeView.swift */,
				2E746F4C2E1E206400E6F8E0 /* MainTabView.swift */,
				2E746F4D2E1E206400E6F8E0 /* SettingsView.swift */,
			);
			path = MainViews;
			sourceTree = "<group>";
		};
		2E746F552E1E206400E6F8E0 /* QuizComponents */ = {
			isa = PBXGroup;
			children = (
				2E746F4F2E1E206400E6F8E0 /* CategoryPickerView.swift */,
				2E746F502E1E206400E6F8E0 /* ProgressBar.swift */,
				2E746F512E1E206400E6F8E0 /* QuizCardView.swift */,
				2E746F522E1E206400E6F8E0 /* QuizCompleteView.swift */,
				2E746F532E1E206400E6F8E0 /* QuizCompletionView.swift */,
				2E746F542E1E206400E6F8E0 /* QuizFeedbackView.swift */,
			);
			path = QuizComponents;
			sourceTree = "<group>";
		};
		2E746F572E1E206400E6F8E0 /* QuizViews */ = {
			isa = PBXGroup;
			children = (
				2E746F552E1E206400E6F8E0 /* QuizComponents */,
				2E746F562E1E206400E6F8E0 /* QuizModeView.swift */,
			);
			path = QuizViews;
			sourceTree = "<group>";
		};
		2E746F5B2E1E206400E6F8E0 /* SharedComponents */ = {
			isa = PBXGroup;
			children = (
				2E746F582E1E206400E6F8E0 /* CategoryPickerView.swift */,
				2E746F592E1E206400E6F8E0 /* MainMenuButton.swift */,
				2E746F5A2E1E206400E6F8E0 /* QuizModeButton.swift */,
			);
			path = SharedComponents;
			sourceTree = "<group>";
		};
		2E746F5D2E1E206400E6F8E0 /* Views */ = {
			isa = PBXGroup;
			children = (
				2E746F3D2E1E206400E6F8E0 /* AdminViews */,
				2E746F3F2E1E206400E6F8E0 /* Components */,
				2E746F422E1E206400E6F8E0 /* FavoritesViews */,
				2E746F492E1E206400E6F8E0 /* FlashcardViews */,
				2E746F4E2E1E206400E6F8E0 /* MainViews */,
				2E746F572E1E206400E6F8E0 /* QuizViews */,
				2E746F5B2E1E206400E6F8E0 /* SharedComponents */,
				2E746F5C2E1E206400E6F8E0 /* AddCardView.swift */,
			);
			path = Views;
			sourceTree = "<group>";
		};

		2E79D6D12DFDBB3D00CFF202 = {
			isa = PBXGroup;
			children = (
				2E79D6DC2DFDBB3D00CFF202 /* Flashcards_Chinese */,
				2E79D6EE2DFDBB4000CFF202 /* Flashcards_ChineseTests */,
				2E79D6F82DFDBB4000CFF202 /* Flashcards_ChineseUITests */,
				2E79D6DB2DFDBB3D00CFF202 /* Products */,
			);
			sourceTree = "<group>";
		};
		2E79D6DB2DFDBB3D00CFF202 /* Products */ = {
			isa = PBXGroup;
			children = (
				2E79D6DA2DFDBB3D00CFF202 /* Flashcards_Chinese.app */,
				2E79D6EB2DFDBB3F00CFF202 /* Flashcards_ChineseTests.xctest */,
				2E79D6F52DFDBB4000CFF202 /* Flashcards_ChineseUITests.xctest */,
			);
			name = Products;
			sourceTree = "<group>";
		};
		2E79D6DC2DFDBB3D00CFF202 /* Flashcards_Chinese */ = {
			isa = PBXGroup;
			children = (
				2E746F3C2E1E206400E6F8E0 /* Utils */,
				2E746F5D2E1E206400E6F8E0 /* Views */,
				2E746F7A2E1E20EB00E6F8E0 /* Chinese_FlashcardsApp.swift */,
			);
			path = Flashcards_Chinese;
			sourceTree = "<group>";
		};
		2E79D6E42DFDBB3F00CFF202 /* Preview Content */ = {
			isa = PBXGroup;
			children = (
				2E79D6E52DFDBB3F00CFF202 /* Preview Assets.xcassets */,
			);
			path = "Preview Content";
			sourceTree = "<group>";
		};
		2E79D6EE2DFDBB4000CFF202 /* Flashcards_ChineseTests */ = {
			isa = PBXGroup;
			children = (
				2E79D6EF2DFDBB4000CFF202 /* Flashcards_ChineseTests.swift */,
			);
			path = Flashcards_ChineseTests;
			sourceTree = "<group>";
		};
		2E79D6F82DFDBB4000CFF202 /* Flashcards_ChineseUITests */ = {
			isa = PBXGroup;
			children = (
				2E79D6F92DFDBB4000CFF202 /* Flashcards_ChineseUITests.swift */,
				2E79D6FB2DFDBB4000CFF202 /* Flashcards_ChineseUITestsLaunchTests.swift */,
			);
			path = Flashcards_ChineseUITests;
			sourceTree = "<group>";
		};
/* End PBXGroup section */

/* Begin PBXNativeTarget section */
		2E79D6D92DFDBB3D00CFF202 /* Flashcards_Chinese */ = {
			isa = PBXNativeTarget;
			buildConfigurationList = 2E79D6FF2DFDBB4000CFF202 /* Build configuration list for PBXNativeTarget "Flashcards_Chinese" */;
			buildPhases = (
				2E79D6D62DFDBB3D00CFF202 /* Sources */,
				2E79D6D72DFDBB3D00CFF202 /* Frameworks */,
				2E79D6D82DFDBB3D00CFF202 /* Resources */,
			);
			buildRules = (
			);
			dependencies = (
			);
			name = Flashcards_Chinese;
			productName = Flashcards_Chinese;
			productReference = 2E79D6DA2DFDBB3D00CFF202 /* Flashcards_Chinese.app */;
			productType = "com.apple.product-type.application";
		};
		2E79D6EA2DFDBB3F00CFF202 /* Flashcards_ChineseTests */ = {
			isa = PBXNativeTarget;
			buildConfigurationList = 2E79D7022DFDBB4000CFF202 /* Build configuration list for PBXNativeTarget "Flashcards_ChineseTests" */;
			buildPhases = (
				2E79D6E72DFDBB3F00CFF202 /* Sources */,
				2E79D6E82DFDBB3F00CFF202 /* Frameworks */,
				2E79D6E92DFDBB3F00CFF202 /* Resources */,
			);
			buildRules = (
			);
			dependencies = (
				2E79D6ED2DFDBB3F00CFF202 /* PBXTargetDependency */,
			);
			name = Flashcards_ChineseTests;
			productName = Flashcards_ChineseTests;
			productReference = 2E79D6EB2DFDBB3F00CFF202 /* Flashcards_ChineseTests.xctest */;
			productType = "com.apple.product-type.bundle.unit-test";
		};
		2E79D6F42DFDBB4000CFF202 /* Flashcards_ChineseUITests */ = {
			isa = PBXNativeTarget;
			buildConfigurationList = 2E79D7052DFDBB4000CFF202 /* Build configuration list for PBXNativeTarget "Flashcards_ChineseUITests" */;
			buildPhases = (
				2E79D6F12DFDBB4000CFF202 /* Sources */,
				2E79D6F22DFDBB4000CFF202 /* Frameworks */,
				2E79D6F32DFDBB4000CFF202 /* Resources */,
			);
			buildRules = (
			);
			dependencies = (
				2E79D6F72DFDBB4000CFF202 /* PBXTargetDependency */,
			);
			name = Flashcards_ChineseUITests;
			productName = Flashcards_ChineseUITests;
			productReference = 2E79D6F52DFDBB4000CFF202 /* Flashcards_ChineseUITests.xctest */;
			productType = "com.apple.product-type.bundle.ui-testing";
		};
/* End PBXNativeTarget section */

/* Begin PBXProject section */
		2E79D6D22DFDBB3D00CFF202 /* Project object */ = {
			isa = PBXProject;
			attributes = {
				BuildIndependentTargetsInParallel = 1;
				LastSwiftUpdateCheck = 1540;
				LastUpgradeCheck = 1640;
				TargetAttributes = {
					2E79D6D92DFDBB3D00CFF202 = {
						CreatedOnToolsVersion = 15.4;
					};
					2E79D6EA2DFDBB3F00CFF202 = {
						CreatedOnToolsVersion = 15.4;
						TestTargetID = 2E79D6D92DFDBB3D00CFF202;
					};
					2E79D6F42DFDBB4000CFF202 = {
						CreatedOnToolsVersion = 15.4;
						TestTargetID = 2E79D6D92DFDBB3D00CFF202;
					};
				};
			};
			buildConfigurationList = 2E79D6D52DFDBB3D00CFF202 /* Build configuration list for PBXProject "Flashcards_Chinese" */;
			compatibilityVersion = "Xcode 14.0";
			developmentRegion = en;
			hasScannedForEncodings = 0;
			knownRegions = (
				en,
				Base,
			);
			mainGroup = 2E79D6D12DFDBB3D00CFF202;
			productRefGroup = 2E79D6DB2DFDBB3D00CFF202 /* Products */;
			projectDirPath = "";
			projectRoot = "";
			targets = (
				2E79D6D92DFDBB3D00CFF202 /* Flashcards_Chinese */,
				2E79D6EA2DFDBB3F00CFF202 /* Flashcards_ChineseTests */,
				2E79D6F42DFDBB4000CFF202 /* Flashcards_ChineseUITests */,
			);
		};
/* End PBXProject section */

/* Begin PBXResourcesBuildPhase section */
		2E79D6D82DFDBB3D00CFF202 /* Resources */ = {
			isa = PBXResourcesBuildPhase;
			buildActionMask = 2147483647;
			files = (
				2E79D6E62DFDBB3F00CFF202 /* Preview Assets.xcassets in Resources */,
				2E79D6E22DFDBB3F00CFF202 /* Assets.xcassets in Resources */,
			);
			runOnlyForDeploymentPostprocessing = 0;
		};
		2E79D6E92DFDBB3F00CFF202 /* Resources */ = {
			isa = PBXResourcesBuildPhase;
			buildActionMask = 2147483647;
			files = (
			);
			runOnlyForDeploymentPostprocessing = 0;
		};
		2E79D6F32DFDBB4000CFF202 /* Resources */ = {
			isa = PBXResourcesBuildPhase;
			buildActionMask = 2147483647;
			files = (
			);
			runOnlyForDeploymentPostprocessing = 0;
		};
/* End PBXResourcesBuildPhase section */

/* Begin PBXSourcesBuildPhase section */
		2E79D6D62DFDBB3D00CFF202 /* Sources */ = {
			isa = PBXSourcesBuildPhase;
			buildActionMask = 2147483647;
			files = (
				2E746F312E1E205A00E6F8E0 /* ThemeUpdaterView.swift in Sources */,
				2E746F332E1E205A00E6F8E0 /* Theme.swift in Sources */,
				2E746F352E1E205A00E6F8E0 /* HapticManager.swift in Sources */,
				2E79D6E02DFDBB3D00CFF202 /* ContentView.swift in Sources */,
				2E746F5F2E1E206400E6F8E0 /* AdminPanelView.swift in Sources */,
				2E746F602E1E206400E6F8E0 /* CategoryPickerView.swift in Sources */,
				2E746F632E1E206400E6F8E0 /* QuizModeView.swift in Sources */,
				2E746F652E1E206400E6F8E0 /* ProgressBar.swift in Sources */,
				2E746F662E1E206400E6F8E0 /* FavoriteCardRow.swift in Sources */,
				2E746F672E1E206400E6F8E0 /* QuizFeedbackView.swift in Sources */,
				2E746F682E1E206400E6F8E0 /* FlashcardDetailView.swift in Sources */,
				2E746F692E1E206400E6F8E0 /* QuizCompleteView.swift in Sources */,
				2E746F6A2E1E206400E6F8E0 /* FlashCardModeView.swift in Sources */,
				2E746F6B2E1E206400E6F8E0 /* ControlButton.swift in Sources */,
				2E746F6D2E1E206400E6F8E0 /* QuizCardView.swift in Sources */,
				2E746F6E2E1E206400E6F8E0 /* SettingsView.swift in Sources */,
				2E746F702E1E206400E6F8E0 /* HomeView.swift in Sources */,
				2E746F712E1E206400E6F8E0 /* FlashCardView.swift in Sources */,
				2E746F722E1E206400E6F8E0 /* MainMenuButton.swift in Sources */,
				2E746F732E1E206400E6F8E0 /* QuizCompletionView.swift in Sources */,
				2E746F742E1E206400E6F8E0 /* MainTabView.swift in Sources */,
				2E746F762E1E206400E6F8E0 /* AddCardView.swift in Sources */,
				2E746F772E1E206400E6F8E0 /* FavoritesView.swift in Sources */,
				2E746F792E1E206400E6F8E0 /* QuizModeButton.swift in Sources */,
				2E746F7B2E1E20EB00E6F8E0 /* Chinese_FlashcardsApp.swift in Sources */,
				2E79D6DE2DFDBB3D00CFF202 /* Flashcards_ChineseApp.swift in Sources */,
				2E746F892E1E21A500E6F8E0 /* FlashcardDeck.swift in Sources */,
				2E746F8A2E1E21A500E6F8E0 /* Flashcard.swift in Sources */,
			);
			runOnlyForDeploymentPostprocessing = 0;
		};
		2E79D6E72DFDBB3F00CFF202 /* Sources */ = {
			isa = PBXSourcesBuildPhase;
			buildActionMask = 2147483647;
			files = (
				2E79D6F02DFDBB4000CFF202 /* Flashcards_ChineseTests.swift in Sources */,
			);
			runOnlyForDeploymentPostprocessing = 0;
		};
		2E79D6F12DFDBB4000CFF202 /* Sources */ = {
			isa = PBXSourcesBuildPhase;
			buildActionMask = 2147483647;
			files = (
				2E79D6FA2DFDBB4000CFF202 /* Flashcards_ChineseUITests.swift in Sources */,
				2E79D6FC2DFDBB4000CFF202 /* Flashcards_ChineseUITestsLaunchTests.swift in Sources */,
			);
			runOnlyForDeploymentPostprocessing = 0;
		};
/* End PBXSourcesBuildPhase section */

/* Begin PBXTargetDependency section */
		2E79D6ED2DFDBB3F00CFF202 /* PBXTargetDependency */ = {
			isa = PBXTargetDependency;
			target = 2E79D6D92DFDBB3D00CFF202 /* Flashcards_Chinese */;
			targetProxy = 2E79D6EC2DFDBB3F00CFF202 /* PBXContainerItemProxy */;
		};
		2E79D6F72DFDBB4000CFF202 /* PBXTargetDependency */ = {
			isa = PBXTargetDependency;
			target = 2E79D6D92DFDBB3D00CFF202 /* Flashcards_Chinese */;
			targetProxy = 2E79D6F62DFDBB4000CFF202 /* PBXContainerItemProxy */;
		};
/* End PBXTargetDependency section */

/* Begin XCBuildConfiguration section */
		2E79D6FD2DFDBB4000CFF202 /* Debug */ = {
			isa = XCBuildConfiguration;
			buildSettings = {
				ALWAYS_SEARCH_USER_PATHS = NO;
				ASSETCATALOG_COMPILER_GENERATE_SWIFT_ASSET_SYMBOL_EXTENSIONS = YES;
				CLANG_ANALYZER_NONNULL = YES;
				CLANG_ANALYZER_NUMBER_OBJECT_CONVERSION = YES_AGGRESSIVE;
				CLANG_CXX_LANGUAGE_STANDARD = "gnu++20";
				CLANG_ENABLE_MODULES = YES;
				CLANG_ENABLE_OBJC_ARC = YES;
				CLANG_ENABLE_OBJC_WEAK = YES;
				CLANG_WARN_BLOCK_CAPTURE_AUTORELEASING = YES;
				CLANG_WARN_BOOL_CONVERSION = YES;
				CLANG_WARN_COMMA = YES;
				CLANG_WARN_CONSTANT_CONVERSION = YES;
				CLANG_WARN_DEPRECATED_OBJC_IMPLEMENTATIONS = YES;
				CLANG_WARN_DIRECT_OBJC_ISA_USAGE = YES_ERROR;
				CLANG_WARN_DOCUMENTATION_COMMENTS = YES;
				CLANG_WARN_EMPTY_BODY = YES;
				CLANG_WARN_ENUM_CONVERSION = YES;
				CLANG_WARN_INFINITE_RECURSION = YES;
				CLANG_WARN_INT_CONVERSION = YES;
				CLANG_WARN_NON_LITERAL_NULL_CONVERSION = YES;
				CLANG_WARN_OBJC_IMPLICIT_RETAIN_SELF = YES;
				CLANG_WARN_OBJC_LITERAL_CONVERSION = YES;
				CLANG_WARN_OBJC_ROOT_CLASS = YES_ERROR;
				CLANG_WARN_QUOTED_INCLUDE_IN_FRAMEWORK_HEADER = YES;
				CLANG_WARN_RANGE_LOOP_ANALYSIS = YES;
				CLANG_WARN_STRICT_PROTOTYPES = YES;
				CLANG_WARN_SUSPICIOUS_MOVE = YES;
				CLANG_WARN_UNGUARDED_AVAILABILITY = YES_AGGRESSIVE;
				CLANG_WARN_UNREACHABLE_CODE = YES;
				CLANG_WARN__DUPLICATE_METHOD_MATCH = YES;
				COPY_PHASE_STRIP = NO;
				DEAD_CODE_STRIPPING = YES;
				DEBUG_INFORMATION_FORMAT = dwarf;
				DEVELOPMENT_TEAM = 8828MV3PRT;
				ENABLE_STRICT_OBJC_MSGSEND = YES;
				ENABLE_TESTABILITY = YES;
				ENABLE_USER_SCRIPT_SANDBOXING = YES;
				GCC_C_LANGUAGE_STANDARD = gnu17;
				GCC_DYNAMIC_NO_PIC = NO;
				GCC_NO_COMMON_BLOCKS = YES;
				GCC_OPTIMIZATION_LEVEL = 0;
				GCC_PREPROCESSOR_DEFINITIONS = (
					"DEBUG=1",
					"$(inherited)",
				);
				GCC_WARN_64_TO_32_BIT_CONVERSION = YES;
				GCC_WARN_ABOUT_RETURN_TYPE = YES_ERROR;
				GCC_WARN_UNDECLARED_SELECTOR = YES;
				GCC_WARN_UNINITIALIZED_AUTOS = YES_AGGRESSIVE;
				GCC_WARN_UNUSED_FUNCTION = YES;
				GCC_WARN_UNUSED_VARIABLE = YES;
				LOCALIZATION_PREFERS_STRING_CATALOGS = YES;
				MTL_ENABLE_DEBUG_INFO = INCLUDE_SOURCE;
				MTL_FAST_MATH = YES;
				ONLY_ACTIVE_ARCH = YES;
				SWIFT_ACTIVE_COMPILATION_CONDITIONS = "DEBUG $(inherited)";
				SWIFT_OPTIMIZATION_LEVEL = "-Onone";
			};
			name = Debug;
		};
		2E79D6FE2DFDBB4000CFF202 /* Release */ = {
			isa = XCBuildConfiguration;
			buildSettings = {
				ALWAYS_SEARCH_USER_PATHS = NO;
				ASSETCATALOG_COMPILER_GENERATE_SWIFT_ASSET_SYMBOL_EXTENSIONS = YES;
				CLANG_ANALYZER_NONNULL = YES;
				CLANG_ANALYZER_NUMBER_OBJECT_CONVERSION = YES_AGGRESSIVE;
				CLANG_CXX_LANGUAGE_STANDARD = "gnu++20";
				CLANG_ENABLE_MODULES = YES;
				CLANG_ENABLE_OBJC_ARC = YES;
				CLANG_ENABLE_OBJC_WEAK = YES;
				CLANG_WARN_BLOCK_CAPTURE_AUTORELEASING = YES;
				CLANG_WARN_BOOL_CONVERSION = YES;
				CLANG_WARN_COMMA = YES;
				CLANG_WARN_CONSTANT_CONVERSION = YES;
				CLANG_WARN_DEPRECATED_OBJC_IMPLEMENTATIONS = YES;
				CLANG_WARN_DIRECT_OBJC_ISA_USAGE = YES_ERROR;
				CLANG_WARN_DOCUMENTATION_COMMENTS = YES;
				CLANG_WARN_EMPTY_BODY = YES;
				CLANG_WARN_ENUM_CONVERSION = YES;
				CLANG_WARN_INFINITE_RECURSION = YES;
				CLANG_WARN_INT_CONVERSION = YES;
				CLANG_WARN_NON_LITERAL_NULL_CONVERSION = YES;
				CLANG_WARN_OBJC_IMPLICIT_RETAIN_SELF = YES;
				CLANG_WARN_OBJC_LITERAL_CONVERSION = YES;
				CLANG_WARN_OBJC_ROOT_CLASS = YES_ERROR;
				CLANG_WARN_QUOTED_INCLUDE_IN_FRAMEWORK_HEADER = YES;
				CLANG_WARN_RANGE_LOOP_ANALYSIS = YES;
				CLANG_WARN_STRICT_PROTOTYPES = YES;
				CLANG_WARN_SUSPICIOUS_MOVE = YES;
				CLANG_WARN_UNGUARDED_AVAILABILITY = YES_AGGRESSIVE;
				CLANG_WARN_UNREACHABLE_CODE = YES;
				CLANG_WARN__DUPLICATE_METHOD_MATCH = YES;
				COPY_PHASE_STRIP = NO;
				DEAD_CODE_STRIPPING = YES;
				DEBUG_INFORMATION_FORMAT = "dwarf-with-dsym";
				DEVELOPMENT_TEAM = 8828MV3PRT;
				ENABLE_NS_ASSERTIONS = NO;
				ENABLE_STRICT_OBJC_MSGSEND = YES;
				ENABLE_USER_SCRIPT_SANDBOXING = YES;
				GCC_C_LANGUAGE_STANDARD = gnu17;
				GCC_NO_COMMON_BLOCKS = YES;
				GCC_WARN_64_TO_32_BIT_CONVERSION = YES;
				GCC_WARN_ABOUT_RETURN_TYPE = YES_ERROR;
				GCC_WARN_UNDECLARED_SELECTOR = YES;
				GCC_WARN_UNINITIALIZED_AUTOS = YES_AGGRESSIVE;
				GCC_WARN_UNUSED_FUNCTION = YES;
				GCC_WARN_UNUSED_VARIABLE = YES;
				LOCALIZATION_PREFERS_STRING_CATALOGS = YES;
				MTL_ENABLE_DEBUG_INFO = NO;
				MTL_FAST_MATH = YES;
				SWIFT_COMPILATION_MODE = wholemodule;
			};
			name = Release;
		};
		2E79D7002DFDBB4000CFF202 /* Debug */ = {
			isa = XCBuildConfiguration;
			buildSettings = {
				ASSETCATALOG_COMPILER_APPICON_NAME = AppIcon;
				ASSETCATALOG_COMPILER_GLOBAL_ACCENT_COLOR_NAME = AccentColor;
				CODE_SIGN_ENTITLEMENTS = Flashcards_Chinese/Flashcards_Chinese.entitlements;
				CODE_SIGN_STYLE = Automatic;
				CURRENT_PROJECT_VERSION = 1;
				DEAD_CODE_STRIPPING = YES;
				DEVELOPMENT_ASSET_PATHS = "\"Flashcards_Chinese/Preview Content\"";
				ENABLE_HARDENED_RUNTIME = YES;
				ENABLE_PREVIEWS = YES;
				GENERATE_INFOPLIST_FILE = YES;
				"INFOPLIST_KEY_UIApplicationSceneManifest_Generation[sdk=iphoneos*]" = YES;
				"INFOPLIST_KEY_UIApplicationSceneManifest_Generation[sdk=iphonesimulator*]" = YES;
				"INFOPLIST_KEY_UIApplicationSupportsIndirectInputEvents[sdk=iphoneos*]" = YES;
				"INFOPLIST_KEY_UIApplicationSupportsIndirectInputEvents[sdk=iphonesimulator*]" = YES;
				"INFOPLIST_KEY_UILaunchScreen_Generation[sdk=iphoneos*]" = YES;
				"INFOPLIST_KEY_UILaunchScreen_Generation[sdk=iphonesimulator*]" = YES;
				"INFOPLIST_KEY_UIStatusBarStyle[sdk=iphoneos*]" = UIStatusBarStyleDefault;
				"INFOPLIST_KEY_UIStatusBarStyle[sdk=iphonesimulator*]" = UIStatusBarStyleDefault;
				INFOPLIST_KEY_UISupportedInterfaceOrientations_iPad = "UIInterfaceOrientationPortrait UIInterfaceOrientationPortraitUpsideDown UIInterfaceOrientationLandscapeLeft UIInterfaceOrientationLandscapeRight";
				INFOPLIST_KEY_UISupportedInterfaceOrientations_iPhone = "UIInterfaceOrientationPortrait UIInterfaceOrientationLandscapeLeft UIInterfaceOrientationLandscapeRight";
				IPHONEOS_DEPLOYMENT_TARGET = 17.5;
				LD_RUNPATH_SEARCH_PATHS = "@executable_path/Frameworks";
				"LD_RUNPATH_SEARCH_PATHS[sdk=macosx*]" = "@executable_path/../Frameworks";
				MACOSX_DEPLOYMENT_TARGET = 14.4;
				MARKETING_VERSION = 1.0;
				PRODUCT_BUNDLE_IDENTIFIER = "test.Flashcards-Chinese";
				PRODUCT_NAME = "$(TARGET_NAME)";
				SDKROOT = auto;
				SUPPORTED_PLATFORMS = "iphoneos iphonesimulator macosx";
				SWIFT_EMIT_LOC_STRINGS = YES;
				SWIFT_VERSION = 5.0;
				TARGETED_DEVICE_FAMILY = "1,2";
			};
			name = Debug;
		};
		2E79D7012DFDBB4000CFF202 /* Release */ = {
			isa = XCBuildConfiguration;
			buildSettings = {
				ASSETCATALOG_COMPILER_APPICON_NAME = AppIcon;
				ASSETCATALOG_COMPILER_GLOBAL_ACCENT_COLOR_NAME = AccentColor;
				CODE_SIGN_ENTITLEMENTS = Flashcards_Chinese/Flashcards_Chinese.entitlements;
				CODE_SIGN_STYLE = Automatic;
				CURRENT_PROJECT_VERSION = 1;
				DEAD_CODE_STRIPPING = YES;
				DEVELOPMENT_ASSET_PATHS = "\"Flashcards_Chinese/Preview Content\"";
				ENABLE_HARDENED_RUNTIME = YES;
				ENABLE_PREVIEWS = YES;
				GENERATE_INFOPLIST_FILE = YES;
				"INFOPLIST_KEY_UIApplicationSceneManifest_Generation[sdk=iphoneos*]" = YES;
				"INFOPLIST_KEY_UIApplicationSceneManifest_Generation[sdk=iphonesimulator*]" = YES;
				"INFOPLIST_KEY_UIApplicationSupportsIndirectInputEvents[sdk=iphoneos*]" = YES;
				"INFOPLIST_KEY_UIApplicationSupportsIndirectInputEvents[sdk=iphonesimulator*]" = YES;
				"INFOPLIST_KEY_UILaunchScreen_Generation[sdk=iphoneos*]" = YES;
				"INFOPLIST_KEY_UILaunchScreen_Generation[sdk=iphonesimulator*]" = YES;
				"INFOPLIST_KEY_UIStatusBarStyle[sdk=iphoneos*]" = UIStatusBarStyleDefault;
				"INFOPLIST_KEY_UIStatusBarStyle[sdk=iphonesimulator*]" = UIStatusBarStyleDefault;
				INFOPLIST_KEY_UISupportedInterfaceOrientations_iPad = "UIInterfaceOrientationPortrait UIInterfaceOrientationPortraitUpsideDown UIInterfaceOrientationLandscapeLeft UIInterfaceOrientationLandscapeRight";
				INFOPLIST_KEY_UISupportedInterfaceOrientations_iPhone = "UIInterfaceOrientationPortrait UIInterfaceOrientationLandscapeLeft UIInterfaceOrientationLandscapeRight";
				IPHONEOS_DEPLOYMENT_TARGET = 17.5;
				LD_RUNPATH_SEARCH_PATHS = "@executable_path/Frameworks";
				"LD_RUNPATH_SEARCH_PATHS[sdk=macosx*]" = "@executable_path/../Frameworks";
				MACOSX_DEPLOYMENT_TARGET = 14.4;
				MARKETING_VERSION = 1.0;
				PRODUCT_BUNDLE_IDENTIFIER = "test.Flashcards-Chinese";
				PRODUCT_NAME = "$(TARGET_NAME)";
				SDKROOT = auto;
				SUPPORTED_PLATFORMS = "iphoneos iphonesimulator macosx";
				SWIFT_EMIT_LOC_STRINGS = YES;
				SWIFT_VERSION = 5.0;
				TARGETED_DEVICE_FAMILY = "1,2";
			};
			name = Release;
		};
		2E79D7032DFDBB4000CFF202 /* Debug */ = {
			isa = XCBuildConfiguration;
			buildSettings = {
				BUNDLE_LOADER = "$(TEST_HOST)";
				CODE_SIGN_STYLE = Automatic;
				CURRENT_PROJECT_VERSION = 1;
				DEAD_CODE_STRIPPING = YES;
				GENERATE_INFOPLIST_FILE = YES;
				IPHONEOS_DEPLOYMENT_TARGET = 17.5;
				MACOSX_DEPLOYMENT_TARGET = 14.4;
				MARKETING_VERSION = 1.0;
				PRODUCT_BUNDLE_IDENTIFIER = "test.Flashcards-ChineseTests";
				PRODUCT_NAME = "$(TARGET_NAME)";
				SDKROOT = auto;
				SUPPORTED_PLATFORMS = "iphoneos iphonesimulator macosx";
				SWIFT_EMIT_LOC_STRINGS = NO;
				SWIFT_VERSION = 5.0;
				TARGETED_DEVICE_FAMILY = "1,2";
				TEST_HOST = "$(BUILT_PRODUCTS_DIR)/Flashcards_Chinese.app/$(BUNDLE_EXECUTABLE_FOLDER_PATH)/Flashcards_Chinese";
			};
			name = Debug;
		};
		2E79D7042DFDBB4000CFF202 /* Release */ = {
			isa = XCBuildConfiguration;
			buildSettings = {
				BUNDLE_LOADER = "$(TEST_HOST)";
				CODE_SIGN_STYLE = Automatic;
				CURRENT_PROJECT_VERSION = 1;
				DEAD_CODE_STRIPPING = YES;
				GENERATE_INFOPLIST_FILE = YES;
				IPHONEOS_DEPLOYMENT_TARGET = 17.5;
				MACOSX_DEPLOYMENT_TARGET = 14.4;
				MARKETING_VERSION = 1.0;
				PRODUCT_BUNDLE_IDENTIFIER = "test.Flashcards-ChineseTests";
				PRODUCT_NAME = "$(TARGET_NAME)";
				SDKROOT = auto;
				SUPPORTED_PLATFORMS = "iphoneos iphonesimulator macosx";
				SWIFT_EMIT_LOC_STRINGS = NO;
				SWIFT_VERSION = 5.0;
				TARGETED_DEVICE_FAMILY = "1,2";
				TEST_HOST = "$(BUILT_PRODUCTS_DIR)/Flashcards_Chinese.app/$(BUNDLE_EXECUTABLE_FOLDER_PATH)/Flashcards_Chinese";
			};
			name = Release;
		};
		2E79D7062DFDBB4000CFF202 /* Debug */ = {
			isa = XCBuildConfiguration;
			buildSettings = {
				CODE_SIGN_STYLE = Automatic;
				CURRENT_PROJECT_VERSION = 1;
				DEAD_CODE_STRIPPING = YES;
				GENERATE_INFOPLIST_FILE = YES;
				IPHONEOS_DEPLOYMENT_TARGET = 17.5;
				MACOSX_DEPLOYMENT_TARGET = 14.4;
				MARKETING_VERSION = 1.0;
				PRODUCT_BUNDLE_IDENTIFIER = "test.Flashcards-ChineseUITests";
				PRODUCT_NAME = "$(TARGET_NAME)";
				SDKROOT = auto;
				SUPPORTED_PLATFORMS = "iphoneos iphonesimulator macosx";
				SWIFT_EMIT_LOC_STRINGS = NO;
				SWIFT_VERSION = 5.0;
				TARGETED_DEVICE_FAMILY = "1,2";
				TEST_TARGET_NAME = Flashcards_Chinese;
			};
			name = Debug;
		};
		2E79D7072DFDBB4000CFF202 /* Release */ = {
			isa = XCBuildConfiguration;
			buildSettings = {
				CODE_SIGN_STYLE = Automatic;
				CURRENT_PROJECT_VERSION = 1;
				DEAD_CODE_STRIPPING = YES;
				GENERATE_INFOPLIST_FILE = YES;
				IPHONEOS_DEPLOYMENT_TARGET = 17.5;
				MACOSX_DEPLOYMENT_TARGET = 14.4;
				MARKETING_VERSION = 1.0;
				PRODUCT_BUNDLE_IDENTIFIER = "test.Flashcards-ChineseUITests";
				PRODUCT_NAME = "$(TARGET_NAME)";
				SDKROOT = auto;
				SUPPORTED_PLATFORMS = "iphoneos iphonesimulator macosx";
				SWIFT_EMIT_LOC_STRINGS = NO;
				SWIFT_VERSION = 5.0;
				TARGETED_DEVICE_FAMILY = "1,2";
				TEST_TARGET_NAME = Flashcards_Chinese;
			};
			name = Release;
		};
/* End XCBuildConfiguration section */

/* Begin XCConfigurationList section */
		2E79D6D52DFDBB3D00CFF202 /* Build configuration list for PBXProject "Flashcards_Chinese" */ = {
			isa = XCConfigurationList;
			buildConfigurations = (
				2E79D6FD2DFDBB4000CFF202 /* Debug */,
				2E79D6FE2DFDBB4000CFF202 /* Release */,
			);
			defaultConfigurationIsVisible = 0;
			defaultConfigurationName = Release;
		};
		2E79D6FF2DFDBB4000CFF202 /* Build configuration list for PBXNativeTarget "Flashcards_Chinese" */ = {
			isa = XCConfigurationList;
			buildConfigurations = (
				2E79D7002DFDBB4000CFF202 /* Debug */,
				2E79D7012DFDBB4000CFF202 /* Release */,
			);
			defaultConfigurationIsVisible = 0;
			defaultConfigurationName = Release;
		};
		2E79D7022DFDBB4000CFF202 /* Build configuration list for PBXNativeTarget "Flashcards_ChineseTests" */ = {
			isa = XCConfigurationList;
			buildConfigurations = (
				2E79D7032DFDBB4000CFF202 /* Debug */,
				2E79D7042DFDBB4000CFF202 /* Release */,
			);
			defaultConfigurationIsVisible = 0;
			defaultConfigurationName = Release;
		};
		2E79D7052DFDBB4000CFF202 /* Build configuration list for PBXNativeTarget "Flashcards_ChineseUITests" */ = {
			isa = XCConfigurationList;
			buildConfigurations = (
				2E79D7062DFDBB4000CFF202 /* Debug */,
				2E79D7072DFDBB4000CFF202 /* Release */,
			);
			defaultConfigurationIsVisible = 0;
			defaultConfigurationName = Release;
		};
/* End XCConfigurationList section */
	};
	rootObject = 2E79D6D22DFDBB3D00CFF202 /* Project object */;
}
